<?xml version="1.0" encoding="utf-8"?>
<Project ToolsVersion="4.0" xmlns="http://schemas.microsoft.com/developer/msbuild/2003">
  <ItemGroup>
    <Filter Include="sph">
      <UniqueIdentifier>{4a1b9616-2990-4788-8c94-4e5b0d27f192}</UniqueIdentifier>
    </Filter>
  </ItemGroup>
  <ItemGroup>
    <ClCompile Include="sph\FluidSolverSimpleSph.cpp">
      <Filter>sph</Filter>
    </ClCompile>
    <ClCompile Include="sph\SphKernel.cpp">
      <Filter>sph</Filter>
    </ClCompile>
    <ClCompile Include="sph\PressureCalculator.cpp">
      <Filter>sph</Filter>
    </ClCompile>
    <ClCompile Include="sph\ViscosityCalculator.cpp">
      <Filter>sph</Filter>
    </ClCompile>
    <ClCompile Include="sph\DensityCalculator.cpp">
      <Filter>sph</Filter>
    </ClCompile>
    <ClCompile Include="sph\SemiImplicitEulerIntegrateCalculator.cpp">
      <Filter>sph</Filter>
    </ClCompile>
  </ItemGroup>
  <ItemGroup>
    <ClInclude Include="sph\FluidSolverSimpleSph.h">
      <Filter>sph</Filter>
    </ClInclude>
    <ClInclude Include="sph\Constants.h">
      <Filter>sph</Filter>
    </ClInclude>
    <ClInclude Include="sph\SphKernel.h">
      <Filter>sph</Filter>
    </ClInclude>
    <ClInclude Include="sph\FluidParticles.h">
      <Filter>sph</Filter>
    </ClInclude>
    <ClInclude Include="sph\PressureCalculator.h">
      <Filter>sph</Filter>
    </ClInclude>
    <ClInclude Include="sph\ViscosityCalculator.h">
      <Filter>sph</Filter>
    </ClInclude>
    <ClInclude Include="sph\DensityCalculator.h">
      <Filter>sph</Filter>
    </ClInclude>
    <ClInclude Include="sph\SemiImplicitEulerIntegrateCalculator.h">
      <Filter>sph</Filter>
    </ClInclude>
  </ItemGroup>
</Project>