<?xml version="1.0" encoding="utf-8"?>
<Project ToolsVersion="4.0" xmlns="http://schemas.microsoft.com/developer/msbuild/2003">
  <ItemGroup>
    <ClCompile Include="ExampleSphApp.cpp" />
    <ClCompile Include="InitParticleDistributor.cpp" />
    <ClCompile Include="main.cpp" />
  </ItemGroup>
  <ItemGroup>
    <ClInclude Include="ExampleSphApp.h" />
    <ClInclude Include="InitParticleDistributor.h" />
  </ItemGroup>
</Project>